
Microsoft Visual Studio Solution File, Format Version 12.00
# Visual Studio Version 17
VisualStudioVersion = 17.4.33403.182
MinimumVisualStudioVersion = 10.0.40219.1
Project("{9A19103F-16F7-4668-BE54-9A1E7A4F7556}") = "FitnessPortalAPI", "FitnessPortalAPI\FitnessPortalAPI.csproj", "{555E7D3B-FBDA-436D-A4E0-18606A143F1F}"
EndProject
Project("{9A19103F-16F7-4668-BE54-9A1E7A4F7556}") = "FitnessPortalAPI.Tests", "FitnessPortalAPI.Tests\FitnessPortalAPI.Tests.csproj", "{FD761D17-AB96-4F24-B4E9-6EE9878382EF}"
EndProject
Project("{FAE04EC0-301F-11D3-BF4B-00C04F79EFBC}") = "FitnessPortal.Architecture.Tests", "FitnessPortal.Architecture.Tests\FitnessPortal.Architecture.Tests.csproj", "{93318514-4728-48D9-8E47-27100B458101}"
EndProject
Global
	GlobalSection(SolutionConfigurationPlatforms) = preSolution
		Debug|Any CPU = Debug|Any CPU
		Release|Any CPU = Release|Any CPU
	EndGlobalSection
	GlobalSection(ProjectConfigurationPlatforms) = postSolution
		{555E7D3B-FBDA-436D-A4E0-18606A143F1F}.Debug|Any CPU.ActiveCfg = Debug|Any CPU
		{555E7D3B-FBDA-436D-A4E0-18606A143F1F}.Debug|Any CPU.Build.0 = Debug|Any CPU
		{555E7D3B-FBDA-436D-A4E0-18606A143F1F}.Release|Any CPU.ActiveCfg = Release|Any CPU
		{555E7D3B-FBDA-436D-A4E0-18606A143F1F}.Release|Any CPU.Build.0 = Release|Any CPU
		{FD761D17-AB96-4F24-B4E9-6EE9878382EF}.Debug|Any CPU.ActiveCfg = Debug|Any CPU
		{FD761D17-AB96-4F24-B4E9-6EE9878382EF}.Debug|Any CPU.Build.0 = Debug|Any CPU
		{FD761D17-AB96-4F24-B4E9-6EE9878382EF}.Release|Any CPU.ActiveCfg = Release|Any CPU
		{FD761D17-AB96-4F24-B4E9-6EE9878382EF}.Release|Any CPU.Build.0 = Release|Any CPU
		{93318514-4728-48D9-8E47-27100B458101}.Debug|Any CPU.ActiveCfg = Debug|Any CPU
		{93318514-4728-48D9-8E47-27100B458101}.Debug|Any CPU.Build.0 = Debug|Any CPU
		{93318514-4728-48D9-8E47-27100B458101}.Release|Any CPU.ActiveCfg = Release|Any CPU
		{93318514-4728-48D9-8E47-27100B458101}.Release|Any CPU.Build.0 = Release|Any CPU
	EndGlobalSection
	GlobalSection(SolutionProperties) = preSolution
		HideSolutionNode = FALSE
	EndGlobalSection
	GlobalSection(ExtensibilityGlobals) = postSolution
		SolutionGuid = {D1C53EED-7041-4C2D-BD78-45DE0F648019}
	EndGlobalSection
EndGlobal
